
Microsoft Visual Studio Solution File, Format Version 12.00
# Visual Studio Version 17
VisualStudioVersion = 17.4.33213.308
MinimumVisualStudioVersion = 10.0.40219.1
Project("{FAE04EC0-301F-11D3-BF4B-00C04F79EFBC}") = "Hubtel.Wallets.Api", "Hubtel.Wallets.Api\Hubtel.Wallets.Api.csproj", "{62EF4115-6EAD-4551-9D1D-3B7D1568157A}"
EndProject
Global
	GlobalSection(SolutionConfigurationPlatforms) = preSolution
		Debug|Any CPU = Debug|Any CPU
		Release|Any CPU = Release|Any CPU
	EndGlobalSection
	GlobalSection(ProjectConfigurationPlatforms) = postSolution
		{62EF4115-6EAD-4551-9D1D-3B7D1568157A}.Debug|Any CPU.ActiveCfg = Debug|Any CPU
		{62EF4115-6EAD-4551-9D1D-3B7D1568157A}.Debug|Any CPU.Build.0 = Debug|Any CPU
		{62EF4115-6EAD-4551-9D1D-3B7D1568157A}.Release|Any CPU.ActiveCfg = Release|Any CPU
		{62EF4115-6EAD-4551-9D1D-3B7D1568157A}.Release|Any CPU.Build.0 = Release|Any CPU
	EndGlobalSection
	GlobalSection(SolutionProperties) = preSolution
		HideSolutionNode = FALSE
	EndGlobalSection
	GlobalSection(ExtensibilityGlobals) = postSolution
		SolutionGuid = {929B4FF8-B155-496D-A14F-B90797B5D7BC}
	EndGlobalSection
EndGlobal
